
Microsoft Visual Studio Solution File, Format Version 12.00
# Visual Studio Version 17
VisualStudioVersion = 17.5.33627.172
MinimumVisualStudioVersion = 10.0.40219.1
Project("{888888A0-9F3D-457C-B088-3A5042F75D52}") = "Commonlit_Scraper", "Commonlit_Scraper.pyproj", "{C3D09F77-431E-426C-AE6C-C9F8CE35B681}"
EndProject
Global
	GlobalSection(SolutionConfigurationPlatforms) = preSolution
		Debug|Any CPU = Debug|Any CPU
		Release|Any CPU = Release|Any CPU
	EndGlobalSection
	GlobalSection(ProjectConfigurationPlatforms) = postSolution
		{C3D09F77-431E-426C-AE6C-C9F8CE35B681}.Debug|Any CPU.ActiveCfg = Debug|Any CPU
		{C3D09F77-431E-426C-AE6C-C9F8CE35B681}.Release|Any CPU.ActiveCfg = Release|Any CPU
	EndGlobalSection
	GlobalSection(SolutionProperties) = preSolution
		HideSolutionNode = FALSE
	EndGlobalSection
	GlobalSection(ExtensibilityGlobals) = postSolution
		SolutionGuid = {31C57A35-CDEC-470B-B576-0E5B57AC755C}
	EndGlobalSection
EndGlobal
